// !$*UTF8*$!
{
	archiveVersion = 1;
	classes = {
	};
	objectVersion = 46;
	objects = {

/* Begin PBXBuildFile section */
		B2384CAC1A3E5A7500D6B572 /* Synth.wav in Resources */ = {isa = PBXBuildFile; fileRef = B2384CAB1A3E5A7500D6B572 /* Synth.wav */; };
		B2384CAE1A3E67D400D6B572 /* Toast.wav in Resources */ = {isa = PBXBuildFile; fileRef = B2384CAD1A3E67D400D6B572 /* Toast.wav */; };
		B23EE7001A073BDB00E5AE9E /* ChatViewController.m in Sources */ = {isa = PBXBuildFile; fileRef = B23EE6FF1A073BDB00E5AE9E /* ChatViewController.m */; };
		B25A51921A08A0E300F29D97 /* LocationHelper.m in Sources */ = {isa = PBXBuildFile; fileRef = B25A51911A08A0E300F29D97 /* LocationHelper.m */; };
		B262178E1A06EE490074A08C /* main.m in Sources */ = {isa = PBXBuildFile; fileRef = B262178D1A06EE490074A08C /* main.m */; };
		B26217911A06EE490074A08C /* AppDelegate.m in Sources */ = {isa = PBXBuildFile; fileRef = B26217901A06EE490074A08C /* AppDelegate.m */; };
		B26217971A06EE490074A08C /* Main.storyboard in Resources */ = {isa = PBXBuildFile; fileRef = B26217951A06EE490074A08C /* Main.storyboard */; };
		B26217991A06EE490074A08C /* Images.xcassets in Resources */ = {isa = PBXBuildFile; fileRef = B26217981A06EE490074A08C /* Images.xcassets */; };
		B26217A81A06EE490074A08C /* EclipseTests.m in Sources */ = {isa = PBXBuildFile; fileRef = B26217A71A06EE490074A08C /* EclipseTests.m */; };
		B26217B21A06EE7A0074A08C /* Parse.framework in Frameworks */ = {isa = PBXBuildFile; fileRef = B26217B11A06EE7A0074A08C /* Parse.framework */; };
		B26217B41A06EE990074A08C /* AudioToolbox.framework in Frameworks */ = {isa = PBXBuildFile; fileRef = B26217B31A06EE990074A08C /* AudioToolbox.framework */; };
		B26217B61A06EE9F0074A08C /* CFNetwork.framework in Frameworks */ = {isa = PBXBuildFile; fileRef = B26217B51A06EE9F0074A08C /* CFNetwork.framework */; };
		B26217B81A06EEA40074A08C /* CoreGraphics.framework in Frameworks */ = {isa = PBXBuildFile; fileRef = B26217B71A06EEA40074A08C /* CoreGraphics.framework */; };
		B26217BA1A06EEAB0074A08C /* CoreLocation.framework in Frameworks */ = {isa = PBXBuildFile; fileRef = B26217B91A06EEAB0074A08C /* CoreLocation.framework */; };
		B26217BC1A06EEB10074A08C /* libz.dylib in Frameworks */ = {isa = PBXBuildFile; fileRef = B26217BB1A06EEB10074A08C /* libz.dylib */; };
		B26217BE1A06EEB80074A08C /* MobileCoreServices.framework in Frameworks */ = {isa = PBXBuildFile; fileRef = B26217BD1A06EEB80074A08C /* MobileCoreServices.framework */; };
		B26217C01A06EEBD0074A08C /* QuartzCore.framework in Frameworks */ = {isa = PBXBuildFile; fileRef = B26217BF1A06EEBD0074A08C /* QuartzCore.framework */; };
		B26217C21A06EEC20074A08C /* Security.framework in Frameworks */ = {isa = PBXBuildFile; fileRef = B26217C11A06EEC20074A08C /* Security.framework */; };
		B26217C41A06EEC70074A08C /* StoreKit.framework in Frameworks */ = {isa = PBXBuildFile; fileRef = B26217C31A06EEC70074A08C /* StoreKit.framework */; };
		B26217C61A06EECE0074A08C /* SystemConfiguration.framework in Frameworks */ = {isa = PBXBuildFile; fileRef = B26217C51A06EECE0074A08C /* SystemConfiguration.framework */; };
		B26217C81A06EF610074A08C /* Bolts.framework in Frameworks */ = {isa = PBXBuildFile; fileRef = B26217C71A06EF610074A08C /* Bolts.framework */; };
		B26217CC1A06F0840074A08C /* Crashlytics.framework in Frameworks */ = {isa = PBXBuildFile; fileRef = B26217CA1A06F0840074A08C /* Crashlytics.framework */; };
		B26217CD1A06F0840074A08C /* Fabric.framework in Frameworks */ = {isa = PBXBuildFile; fileRef = B26217CB1A06F0840074A08C /* Fabric.framework */; };
		B26217D01A06F0C80074A08C /* TwitterKit.framework in Frameworks */ = {isa = PBXBuildFile; fileRef = B26217CE1A06F0C80074A08C /* TwitterKit.framework */; };
		B26217D11A06F0C80074A08C /* TwitterKitResources.bundle in Resources */ = {isa = PBXBuildFile; fileRef = B26217CF1A06F0C80074A08C /* TwitterKitResources.bundle */; };
		B26217D41A06F0FD0074A08C /* AuthViewController.m in Sources */ = {isa = PBXBuildFile; fileRef = B26217D31A06F0FD0074A08C /* AuthViewController.m */; };
		B26217D81A06F2EB0074A08C /* InitialViewController.m in Sources */ = {isa = PBXBuildFile; fileRef = B26217D71A06F2EB0074A08C /* InitialViewController.m */; };
		B26217DB1A06FE830074A08C /* UserNameViewController.m in Sources */ = {isa = PBXBuildFile; fileRef = B26217DA1A06FE830074A08C /* UserNameViewController.m */; };
		B26217DE1A070CCE0074A08C /* ChatRoomTableViewController.m in Sources */ = {isa = PBXBuildFile; fileRef = B26217DD1A070CCE0074A08C /* ChatRoomTableViewController.m */; };
		B267C92F1A36BC6100E5CD02 /* UIImage+StackBlur.m in Sources */ = {isa = PBXBuildFile; fileRef = B267C92E1A36BC6100E5CD02 /* UIImage+StackBlur.m */; };
		B267C9331A36C8EB00E5CD02 /* MainSlideViewController.m in Sources */ = {isa = PBXBuildFile; fileRef = B267C9321A36C8EB00E5CD02 /* MainSlideViewController.m */; };
		B267C9361A36C94400E5CD02 /* LeftMenuViewController.m in Sources */ = {isa = PBXBuildFile; fileRef = B267C9351A36C94400E5CD02 /* LeftMenuViewController.m */; };
		B27416D21A50779000D31B93 /* OtherProfileViewController.m in Sources */ = {isa = PBXBuildFile; fileRef = B27416D11A50779000D31B93 /* OtherProfileViewController.m */; };
		B27D8D321A34F52E006BD19D /* CakeSans-bold.otf in Resources */ = {isa = PBXBuildFile; fileRef = B27D8D2F1A34F52E006BD19D /* CakeSans-bold.otf */; };
		B27D8D331A34F52E006BD19D /* CakeSans-Light.otf in Resources */ = {isa = PBXBuildFile; fileRef = B27D8D301A34F52E006BD19D /* CakeSans-Light.otf */; };
		B27D8D341A34F52E006BD19D /* CakeSans-regular.otf in Resources */ = {isa = PBXBuildFile; fileRef = B27D8D311A34F52E006BD19D /* CakeSans-regular.otf */; };
		B27D8D361A34F690006BD19D /* DINEng.ttf in Resources */ = {isa = PBXBuildFile; fileRef = B27D8D351A34F690006BD19D /* DINEng.ttf */; };
		B27D8D3A1A34FBC7006BD19D /* ChatTableViewCell.m in Sources */ = {isa = PBXBuildFile; fileRef = B27D8D391A34FBC7006BD19D /* ChatTableViewCell.m */; };
		B27D8D3E1A350835006BD19D /* UIColor+Eclipse.m in Sources */ = {isa = PBXBuildFile; fileRef = B27D8D3D1A350835006BD19D /* UIColor+Eclipse.m */; };
		B282C7571A490183006F1C01 /* MyProfileViewController.m in Sources */ = {isa = PBXBuildFile; fileRef = B282C7561A490183006F1C01 /* MyProfileViewController.m */; };
		B28B6CED1A5747A500EF8652 /* Icon-60@3x.png in Resources */ = {isa = PBXBuildFile; fileRef = B28B6CEC1A5747A500EF8652 /* Icon-60@3x.png */; };
		B28B6CF11A576D1B00EF8652 /* ShareManager.m in Sources */ = {isa = PBXBuildFile; fileRef = B28B6CF01A576D1B00EF8652 /* ShareManager.m */; };
		B2B549EB1A5B9C8A0035C0F9 /* OpenSans-Bold.ttf in Resources */ = {isa = PBXBuildFile; fileRef = B2B549E11A5B9C8A0035C0F9 /* OpenSans-Bold.ttf */; };
		B2B549EC1A5B9C8A0035C0F9 /* OpenSans-BoldItalic.ttf in Resources */ = {isa = PBXBuildFile; fileRef = B2B549E21A5B9C8A0035C0F9 /* OpenSans-BoldItalic.ttf */; };
		B2B549ED1A5B9C8A0035C0F9 /* OpenSans-ExtraBold.ttf in Resources */ = {isa = PBXBuildFile; fileRef = B2B549E31A5B9C8A0035C0F9 /* OpenSans-ExtraBold.ttf */; };
		B2B549EE1A5B9C8A0035C0F9 /* OpenSans-ExtraBoldItalic.ttf in Resources */ = {isa = PBXBuildFile; fileRef = B2B549E41A5B9C8A0035C0F9 /* OpenSans-ExtraBoldItalic.ttf */; };
		B2B549EF1A5B9C8A0035C0F9 /* OpenSans-Italic.ttf in Resources */ = {isa = PBXBuildFile; fileRef = B2B549E51A5B9C8A0035C0F9 /* OpenSans-Italic.ttf */; };
		B2B549F01A5B9C8A0035C0F9 /* OpenSans-Light.ttf in Resources */ = {isa = PBXBuildFile; fileRef = B2B549E61A5B9C8A0035C0F9 /* OpenSans-Light.ttf */; };
		B2B549F11A5B9C8A0035C0F9 /* OpenSans-LightItalic.ttf in Resources */ = {isa = PBXBuildFile; fileRef = B2B549E71A5B9C8A0035C0F9 /* OpenSans-LightItalic.ttf */; };
		B2B549F21A5B9C8A0035C0F9 /* OpenSans-Regular.ttf in Resources */ = {isa = PBXBuildFile; fileRef = B2B549E81A5B9C8A0035C0F9 /* OpenSans-Regular.ttf */; };
		B2B549F31A5B9C8A0035C0F9 /* OpenSans-Semibold.ttf in Resources */ = {isa = PBXBuildFile; fileRef = B2B549E91A5B9C8A0035C0F9 /* OpenSans-Semibold.ttf */; };
		B2B549F41A5B9C8A0035C0F9 /* OpenSans-SemiboldItalic.ttf in Resources */ = {isa = PBXBuildFile; fileRef = B2B549EA1A5B9C8A0035C0F9 /* OpenSans-SemiboldItalic.ttf */; };
		B2B549F71A5BC2570035C0F9 /* UIImageEffects.m in Sources */ = {isa = PBXBuildFile; fileRef = B2B549F61A5BC2570035C0F9 /* UIImageEffects.m */; };
		B2DABCF71A5D06EB00F0C2BC /* BetaCodeViewController.m in Sources */ = {isa = PBXBuildFile; fileRef = B2DABCF61A5D06EB00F0C2BC /* BetaCodeViewController.m */; };
		B2E0C00B1A181ACA00AE8E12 /* Bubbly Spaceship.wav in Resources */ = {isa = PBXBuildFile; fileRef = B2E0C00A1A181ACA00AE8E12 /* Bubbly Spaceship.wav */; };
		B2F34A121A354B4200CB78BF /* CreateChatViewController.m in Sources */ = {isa = PBXBuildFile; fileRef = B2F34A111A354B4200CB78BF /* CreateChatViewController.m */; };
		B2F34A141A355C2200CB78BF /* LaunchScreen.xib in Resources */ = {isa = PBXBuildFile; fileRef = B2F34A131A355C2200CB78BF /* LaunchScreen.xib */; };
		C192EDA4DE5545701AF26EF9 /* libPods-Eclipse.a in Frameworks */ = {isa = PBXBuildFile; fileRef = 3EFC23C879DC062AE92520EF /* libPods-Eclipse.a */; };
/* End PBXBuildFile section */

/* Begin PBXContainerItemProxy section */
		B26217A21A06EE490074A08C /* PBXContainerItemProxy */ = {
			isa = PBXContainerItemProxy;
			containerPortal = B26217801A06EE490074A08C /* Project object */;
			proxyType = 1;
			remoteGlobalIDString = B26217871A06EE490074A08C;
			remoteInfo = Eclipse;
		};
/* End PBXContainerItemProxy section */

/* Begin PBXFileReference section */
		3EFC23C879DC062AE92520EF /* libPods-Eclipse.a */ = {isa = PBXFileReference; explicitFileType = archive.ar; includeInIndex = 0; path = "libPods-Eclipse.a"; sourceTree = BUILT_PRODUCTS_DIR; };
		42A691FB1D82DBCEE5F28765 /* Pods-Eclipse.debug.xcconfig */ = {isa = PBXFileReference; includeInIndex = 1; lastKnownFileType = text.xcconfig; name = "Pods-Eclipse.debug.xcconfig"; path = "Pods/Target Support Files/Pods-Eclipse/Pods-Eclipse.debug.xcconfig"; sourceTree = "<group>"; };
		4EA07F3CA1A2E79779C6B82A /* Pods-Eclipse.release.xcconfig */ = {isa = PBXFileReference; includeInIndex = 1; lastKnownFileType = text.xcconfig; name = "Pods-Eclipse.release.xcconfig"; path = "Pods/Target Support Files/Pods-Eclipse/Pods-Eclipse.release.xcconfig"; sourceTree = "<group>"; };
		B2384CAB1A3E5A7500D6B572 /* Synth.wav */ = {isa = PBXFileReference; lastKnownFileType = audio.wav; path = Synth.wav; sourceTree = "<group>"; };
		B2384CAD1A3E67D400D6B572 /* Toast.wav */ = {isa = PBXFileReference; lastKnownFileType = audio.wav; path = Toast.wav; sourceTree = "<group>"; };
		B23EE6FE1A073BDB00E5AE9E /* ChatViewController.h */ = {isa = PBXFileReference; fileEncoding = 4; lastKnownFileType = sourcecode.c.h; path = ChatViewController.h; sourceTree = "<group>"; };
		B23EE6FF1A073BDB00E5AE9E /* ChatViewController.m */ = {isa = PBXFileReference; fileEncoding = 4; lastKnownFileType = sourcecode.c.objc; path = ChatViewController.m; sourceTree = "<group>"; };
		B25A51901A08A0E300F29D97 /* LocationHelper.h */ = {isa = PBXFileReference; fileEncoding = 4; lastKnownFileType = sourcecode.c.h; path = LocationHelper.h; sourceTree = "<group>"; };
		B25A51911A08A0E300F29D97 /* LocationHelper.m */ = {isa = PBXFileReference; fileEncoding = 4; lastKnownFileType = sourcecode.c.objc; path = LocationHelper.m; sourceTree = "<group>"; };
		B26217881A06EE490074A08C /* Eclipse.app */ = {isa = PBXFileReference; explicitFileType = wrapper.application; includeInIndex = 0; path = Eclipse.app; sourceTree = BUILT_PRODUCTS_DIR; };
		B262178C1A06EE490074A08C /* Info.plist */ = {isa = PBXFileReference; lastKnownFileType = text.plist.xml; path = Info.plist; sourceTree = "<group>"; };
		B262178D1A06EE490074A08C /* main.m */ = {isa = PBXFileReference; lastKnownFileType = sourcecode.c.objc; path = main.m; sourceTree = "<group>"; };
		B262178F1A06EE490074A08C /* AppDelegate.h */ = {isa = PBXFileReference; lastKnownFileType = sourcecode.c.h; path = AppDelegate.h; sourceTree = "<group>"; };
		B26217901A06EE490074A08C /* AppDelegate.m */ = {isa = PBXFileReference; lastKnownFileType = sourcecode.c.objc; path = AppDelegate.m; sourceTree = "<group>"; };
		B26217961A06EE490074A08C /* Base */ = {isa = PBXFileReference; lastKnownFileType = file.storyboard; name = Base; path = Base.lproj/Main.storyboard; sourceTree = "<group>"; };
		B26217981A06EE490074A08C /* Images.xcassets */ = {isa = PBXFileReference; lastKnownFileType = folder.assetcatalog; path = Images.xcassets; sourceTree = "<group>"; };
		B26217A11A06EE490074A08C /* EclipseTests.xctest */ = {isa = PBXFileReference; explicitFileType = wrapper.cfbundle; includeInIndex = 0; path = EclipseTests.xctest; sourceTree = BUILT_PRODUCTS_DIR; };
		B26217A61A06EE490074A08C /* Info.plist */ = {isa = PBXFileReference; lastKnownFileType = text.plist.xml; path = Info.plist; sourceTree = "<group>"; };
		B26217A71A06EE490074A08C /* EclipseTests.m */ = {isa = PBXFileReference; lastKnownFileType = sourcecode.c.objc; path = EclipseTests.m; sourceTree = "<group>"; };
		B26217B11A06EE7A0074A08C /* Parse.framework */ = {isa = PBXFileReference; lastKnownFileType = wrapper.framework; path = Parse.framework; sourceTree = "<group>"; };
		B26217B31A06EE990074A08C /* AudioToolbox.framework */ = {isa = PBXFileReference; lastKnownFileType = wrapper.framework; name = AudioToolbox.framework; path = System/Library/Frameworks/AudioToolbox.framework; sourceTree = SDKROOT; };
		B26217B51A06EE9F0074A08C /* CFNetwork.framework */ = {isa = PBXFileReference; lastKnownFileType = wrapper.framework; name = CFNetwork.framework; path = System/Library/Frameworks/CFNetwork.framework; sourceTree = SDKROOT; };
		B26217B71A06EEA40074A08C /* CoreGraphics.framework */ = {isa = PBXFileReference; lastKnownFileType = wrapper.framework; name = CoreGraphics.framework; path = System/Library/Frameworks/CoreGraphics.framework; sourceTree = SDKROOT; };
		B26217B91A06EEAB0074A08C /* CoreLocation.framework */ = {isa = PBXFileReference; lastKnownFileType = wrapper.framework; name = CoreLocation.framework; path = System/Library/Frameworks/CoreLocation.framework; sourceTree = SDKROOT; };
		B26217BB1A06EEB10074A08C /* libz.dylib */ = {isa = PBXFileReference; lastKnownFileType = "compiled.mach-o.dylib"; name = libz.dylib; path = usr/lib/libz.dylib; sourceTree = SDKROOT; };
		B26217BD1A06EEB80074A08C /* MobileCoreServices.framework */ = {isa = PBXFileReference; lastKnownFileType = wrapper.framework; name = MobileCoreServices.framework; path = System/Library/Frameworks/MobileCoreServices.framework; sourceTree = SDKROOT; };
		B26217BF1A06EEBD0074A08C /* QuartzCore.framework */ = {isa = PBXFileReference; lastKnownFileType = wrapper.framework; name = QuartzCore.framework; path = System/Library/Frameworks/QuartzCore.framework; sourceTree = SDKROOT; };
		B26217C11A06EEC20074A08C /* Security.framework */ = {isa = PBXFileReference; lastKnownFileType = wrapper.framework; name = Security.framework; path = System/Library/Frameworks/Security.framework; sourceTree = SDKROOT; };
		B26217C31A06EEC70074A08C /* StoreKit.framework */ = {isa = PBXFileReference; lastKnownFileType = wrapper.framework; name = StoreKit.framework; path = System/Library/Frameworks/StoreKit.framework; sourceTree = SDKROOT; };
		B26217C51A06EECE0074A08C /* SystemConfiguration.framework */ = {isa = PBXFileReference; lastKnownFileType = wrapper.framework; name = SystemConfiguration.framework; path = System/Library/Frameworks/SystemConfiguration.framework; sourceTree = SDKROOT; };
		B26217C71A06EF610074A08C /* Bolts.framework */ = {isa = PBXFileReference; lastKnownFileType = wrapper.framework; path = Bolts.framework; sourceTree = "<group>"; };
		B26217CA1A06F0840074A08C /* Crashlytics.framework */ = {isa = PBXFileReference; lastKnownFileType = wrapper.framework; path = Crashlytics.framework; sourceTree = SOURCE_ROOT; };
		B26217CB1A06F0840074A08C /* Fabric.framework */ = {isa = PBXFileReference; lastKnownFileType = wrapper.framework; path = Fabric.framework; sourceTree = SOURCE_ROOT; };
		B26217CE1A06F0C80074A08C /* TwitterKit.framework */ = {isa = PBXFileReference; lastKnownFileType = wrapper.framework; path = TwitterKit.framework; sourceTree = SOURCE_ROOT; };
		B26217CF1A06F0C80074A08C /* TwitterKitResources.bundle */ = {isa = PBXFileReference; lastKnownFileType = "wrapper.plug-in"; name = TwitterKitResources.bundle; path = TwitterKit.framework/Versions/A/Resources/TwitterKitResources.bundle; sourceTree = SOURCE_ROOT; };
		B26217D21A06F0FD0074A08C /* AuthViewController.h */ = {isa = PBXFileReference; fileEncoding = 4; lastKnownFileType = sourcecode.c.h; path = AuthViewController.h; sourceTree = "<group>"; };
		B26217D31A06F0FD0074A08C /* AuthViewController.m */ = {isa = PBXFileReference; fileEncoding = 4; lastKnownFileType = sourcecode.c.objc; path = AuthViewController.m; sourceTree = "<group>"; };
		B26217D61A06F2EB0074A08C /* InitialViewController.h */ = {isa = PBXFileReference; fileEncoding = 4; lastKnownFileType = sourcecode.c.h; path = InitialViewController.h; sourceTree = "<group>"; };
		B26217D71A06F2EB0074A08C /* InitialViewController.m */ = {isa = PBXFileReference; fileEncoding = 4; lastKnownFileType = sourcecode.c.objc; path = InitialViewController.m; sourceTree = "<group>"; };
		B26217D91A06FE830074A08C /* UserNameViewController.h */ = {isa = PBXFileReference; fileEncoding = 4; lastKnownFileType = sourcecode.c.h; path = UserNameViewController.h; sourceTree = "<group>"; };
		B26217DA1A06FE830074A08C /* UserNameViewController.m */ = {isa = PBXFileReference; fileEncoding = 4; lastKnownFileType = sourcecode.c.objc; path = UserNameViewController.m; sourceTree = "<group>"; };
		B26217DC1A070CCE0074A08C /* ChatRoomTableViewController.h */ = {isa = PBXFileReference; fileEncoding = 4; lastKnownFileType = sourcecode.c.h; path = ChatRoomTableViewController.h; sourceTree = "<group>"; };
		B26217DD1A070CCE0074A08C /* ChatRoomTableViewController.m */ = {isa = PBXFileReference; fileEncoding = 4; lastKnownFileType = sourcecode.c.objc; path = ChatRoomTableViewController.m; sourceTree = "<group>"; };
		B267C92D1A36BC6100E5CD02 /* UIImage+StackBlur.h */ = {isa = PBXFileReference; fileEncoding = 4; lastKnownFileType = sourcecode.c.h; path = "UIImage+StackBlur.h"; sourceTree = "<group>"; };
		B267C92E1A36BC6100E5CD02 /* UIImage+StackBlur.m */ = {isa = PBXFileReference; fileEncoding = 4; lastKnownFileType = sourcecode.c.objc; path = "UIImage+StackBlur.m"; sourceTree = "<group>"; };
		B267C9311A36C8EB00E5CD02 /* MainSlideViewController.h */ = {isa = PBXFileReference; fileEncoding = 4; lastKnownFileType = sourcecode.c.h; path = MainSlideViewController.h; sourceTree = "<group>"; };
		B267C9321A36C8EB00E5CD02 /* MainSlideViewController.m */ = {isa = PBXFileReference; fileEncoding = 4; lastKnownFileType = sourcecode.c.objc; path = MainSlideViewController.m; sourceTree = "<group>"; };
		B267C9341A36C94400E5CD02 /* LeftMenuViewController.h */ = {isa = PBXFileReference; fileEncoding = 4; lastKnownFileType = sourcecode.c.h; path = LeftMenuViewController.h; sourceTree = "<group>"; };
		B267C9351A36C94400E5CD02 /* LeftMenuViewController.m */ = {isa = PBXFileReference; fileEncoding = 4; lastKnownFileType = sourcecode.c.objc; path = LeftMenuViewController.m; sourceTree = "<group>"; };
		B27416D01A50779000D31B93 /* OtherProfileViewController.h */ = {isa = PBXFileReference; fileEncoding = 4; lastKnownFileType = sourcecode.c.h; path = OtherProfileViewController.h; sourceTree = "<group>"; };
		B27416D11A50779000D31B93 /* OtherProfileViewController.m */ = {isa = PBXFileReference; fileEncoding = 4; lastKnownFileType = sourcecode.c.objc; path = OtherProfileViewController.m; sourceTree = "<group>"; };
		B27D8D2F1A34F52E006BD19D /* CakeSans-bold.otf */ = {isa = PBXFileReference; lastKnownFileType = file; path = "CakeSans-bold.otf"; sourceTree = "<group>"; };
		B27D8D301A34F52E006BD19D /* CakeSans-Light.otf */ = {isa = PBXFileReference; lastKnownFileType = file; path = "CakeSans-Light.otf"; sourceTree = "<group>"; };
		B27D8D311A34F52E006BD19D /* CakeSans-regular.otf */ = {isa = PBXFileReference; lastKnownFileType = file; path = "CakeSans-regular.otf"; sourceTree = "<group>"; };
		B27D8D351A34F690006BD19D /* DINEng.ttf */ = {isa = PBXFileReference; lastKnownFileType = file; path = DINEng.ttf; sourceTree = "<group>"; };
		B27D8D381A34FBC7006BD19D /* ChatTableViewCell.h */ = {isa = PBXFileReference; fileEncoding = 4; lastKnownFileType = sourcecode.c.h; path = ChatTableViewCell.h; sourceTree = "<group>"; };
		B27D8D391A34FBC7006BD19D /* ChatTableViewCell.m */ = {isa = PBXFileReference; fileEncoding = 4; lastKnownFileType = sourcecode.c.objc; path = ChatTableViewCell.m; sourceTree = "<group>"; };
		B27D8D3C1A350835006BD19D /* UIColor+Eclipse.h */ = {isa = PBXFileReference; fileEncoding = 4; lastKnownFileType = sourcecode.c.h; path = "UIColor+Eclipse.h"; sourceTree = "<group>"; };
		B27D8D3D1A350835006BD19D /* UIColor+Eclipse.m */ = {isa = PBXFileReference; fileEncoding = 4; lastKnownFileType = sourcecode.c.objc; path = "UIColor+Eclipse.m"; sourceTree = "<group>"; };
		B282C7551A490183006F1C01 /* MyProfileViewController.h */ = {isa = PBXFileReference; fileEncoding = 4; lastKnownFileType = sourcecode.c.h; path = MyProfileViewController.h; sourceTree = "<group>"; };
		B282C7561A490183006F1C01 /* MyProfileViewController.m */ = {isa = PBXFileReference; fileEncoding = 4; lastKnownFileType = sourcecode.c.objc; path = MyProfileViewController.m; sourceTree = "<group>"; };
		B28B6CEC1A5747A500EF8652 /* Icon-60@3x.png */ = {isa = PBXFileReference; lastKnownFileType = image.png; path = "Icon-60@3x.png"; sourceTree = "<group>"; };
		B28B6CEF1A576D1B00EF8652 /* ShareManager.h */ = {isa = PBXFileReference; fileEncoding = 4; lastKnownFileType = sourcecode.c.h; path = ShareManager.h; sourceTree = "<group>"; };
		B28B6CF01A576D1B00EF8652 /* ShareManager.m */ = {isa = PBXFileReference; fileEncoding = 4; lastKnownFileType = sourcecode.c.objc; path = ShareManager.m; sourceTree = "<group>"; };
		B2B549E11A5B9C8A0035C0F9 /* OpenSans-Bold.ttf */ = {isa = PBXFileReference; lastKnownFileType = file; path = "OpenSans-Bold.ttf"; sourceTree = "<group>"; };
		B2B549E21A5B9C8A0035C0F9 /* OpenSans-BoldItalic.ttf */ = {isa = PBXFileReference; lastKnownFileType = file; path = "OpenSans-BoldItalic.ttf"; sourceTree = "<group>"; };
		B2B549E31A5B9C8A0035C0F9 /* OpenSans-ExtraBold.ttf */ = {isa = PBXFileReference; lastKnownFileType = file; path = "OpenSans-ExtraBold.ttf"; sourceTree = "<group>"; };
		B2B549E41A5B9C8A0035C0F9 /* OpenSans-ExtraBoldItalic.ttf */ = {isa = PBXFileReference; lastKnownFileType = file; path = "OpenSans-ExtraBoldItalic.ttf"; sourceTree = "<group>"; };
		B2B549E51A5B9C8A0035C0F9 /* OpenSans-Italic.ttf */ = {isa = PBXFileReference; lastKnownFileType = file; path = "OpenSans-Italic.ttf"; sourceTree = "<group>"; };
		B2B549E61A5B9C8A0035C0F9 /* OpenSans-Light.ttf */ = {isa = PBXFileReference; lastKnownFileType = file; path = "OpenSans-Light.ttf"; sourceTree = "<group>"; };
		B2B549E71A5B9C8A0035C0F9 /* OpenSans-LightItalic.ttf */ = {isa = PBXFileReference; lastKnownFileType = file; path = "OpenSans-LightItalic.ttf"; sourceTree = "<group>"; };
		B2B549E81A5B9C8A0035C0F9 /* OpenSans-Regular.ttf */ = {isa = PBXFileReference; lastKnownFileType = file; path = "OpenSans-Regular.ttf"; sourceTree = "<group>"; };
		B2B549E91A5B9C8A0035C0F9 /* OpenSans-Semibold.ttf */ = {isa = PBXFileReference; lastKnownFileType = file; path = "OpenSans-Semibold.ttf"; sourceTree = "<group>"; };
		B2B549EA1A5B9C8A0035C0F9 /* OpenSans-SemiboldItalic.ttf */ = {isa = PBXFileReference; lastKnownFileType = file; path = "OpenSans-SemiboldItalic.ttf"; sourceTree = "<group>"; };
		B2B549F51A5BC2570035C0F9 /* UIImageEffects.h */ = {isa = PBXFileReference; fileEncoding = 4; lastKnownFileType = sourcecode.c.h; path = UIImageEffects.h; sourceTree = "<group>"; };
		B2B549F61A5BC2570035C0F9 /* UIImageEffects.m */ = {isa = PBXFileReference; fileEncoding = 4; lastKnownFileType = sourcecode.c.objc; path = UIImageEffects.m; sourceTree = "<group>"; };
		B2DABCF51A5D06EB00F0C2BC /* BetaCodeViewController.h */ = {isa = PBXFileReference; fileEncoding = 4; lastKnownFileType = sourcecode.c.h; path = BetaCodeViewController.h; sourceTree = "<group>"; };
		B2DABCF61A5D06EB00F0C2BC /* BetaCodeViewController.m */ = {isa = PBXFileReference; fileEncoding = 4; lastKnownFileType = sourcecode.c.objc; path = BetaCodeViewController.m; sourceTree = "<group>"; };
		B2E0C00A1A181ACA00AE8E12 /* Bubbly Spaceship.wav */ = {isa = PBXFileReference; lastKnownFileType = audio.wav; path = "Bubbly Spaceship.wav"; sourceTree = "<group>"; };
		B2F34A101A354B4200CB78BF /* CreateChatViewController.h */ = {isa = PBXFileReference; fileEncoding = 4; lastKnownFileType = sourcecode.c.h; path = CreateChatViewController.h; sourceTree = "<group>"; };
		B2F34A111A354B4200CB78BF /* CreateChatViewController.m */ = {isa = PBXFileReference; fileEncoding = 4; lastKnownFileType = sourcecode.c.objc; path = CreateChatViewController.m; sourceTree = "<group>"; };
		B2F34A131A355C2200CB78BF /* LaunchScreen.xib */ = {isa = PBXFileReference; fileEncoding = 4; lastKnownFileType = file.xib; path = LaunchScreen.xib; sourceTree = "<group>"; };
/* End PBXFileReference section */

/* Begin PBXFrameworksBuildPhase section */
		B26217851A06EE490074A08C /* Frameworks */ = {
			isa = PBXFrameworksBuildPhase;
			buildActionMask = 2147483647;
			files = (
				B26217C61A06EECE0074A08C /* SystemConfiguration.framework in Frameworks */,
				B26217C41A06EEC70074A08C /* StoreKit.framework in Frameworks */,
				B26217CC1A06F0840074A08C /* Crashlytics.framework in Frameworks */,
				B26217C21A06EEC20074A08C /* Security.framework in Frameworks */,
				B26217C81A06EF610074A08C /* Bolts.framework in Frameworks */,
				B26217C01A06EEBD0074A08C /* QuartzCore.framework in Frameworks */,
				B26217BE1A06EEB80074A08C /* MobileCoreServices.framework in Frameworks */,
				B26217CD1A06F0840074A08C /* Fabric.framework in Frameworks */,
				B26217BC1A06EEB10074A08C /* libz.dylib in Frameworks */,
				B26217BA1A06EEAB0074A08C /* CoreLocation.framework in Frameworks */,
				B26217B81A06EEA40074A08C /* CoreGraphics.framework in Frameworks */,
				B26217D01A06F0C80074A08C /* TwitterKit.framework in Frameworks */,
				B26217B61A06EE9F0074A08C /* CFNetwork.framework in Frameworks */,
				B26217B41A06EE990074A08C /* AudioToolbox.framework in Frameworks */,
				B26217B21A06EE7A0074A08C /* Parse.framework in Frameworks */,
				C192EDA4DE5545701AF26EF9 /* libPods-Eclipse.a in Frameworks */,
			);
			runOnlyForDeploymentPostprocessing = 0;
		};
		B262179E1A06EE490074A08C /* Frameworks */ = {
			isa = PBXFrameworksBuildPhase;
			buildActionMask = 2147483647;
			files = (
			);
			runOnlyForDeploymentPostprocessing = 0;
		};
/* End PBXFrameworksBuildPhase section */

/* Begin PBXGroup section */
		25DB7CBFD8FF427A218464FD /* Frameworks */ = {
			isa = PBXGroup;
			children = (
				3EFC23C879DC062AE92520EF /* libPods-Eclipse.a */,
			);
			name = Frameworks;
			sourceTree = "<group>";
		};
		62000A8090DE1258A024E2A2 /* Pods */ = {
			isa = PBXGroup;
			children = (
				42A691FB1D82DBCEE5F28765 /* Pods-Eclipse.debug.xcconfig */,
				4EA07F3CA1A2E79779C6B82A /* Pods-Eclipse.release.xcconfig */,
			);
			name = Pods;
			sourceTree = "<group>";
		};
		B2384CAA1A3E5A0900D6B572 /* Sounds */ = {
			isa = PBXGroup;
			children = (
				B2384CAD1A3E67D400D6B572 /* Toast.wav */,
				B2384CAB1A3E5A7500D6B572 /* Synth.wav */,
			);
			name = Sounds;
			sourceTree = "<group>";
		};
		B25A518F1A08A0C200F29D97 /* Helpers */ = {
			isa = PBXGroup;
			children = (
				B25A51901A08A0E300F29D97 /* LocationHelper.h */,
				B25A51911A08A0E300F29D97 /* LocationHelper.m */,
			);
			name = Helpers;
			sourceTree = "<group>";
		};
		B262177F1A06EE490074A08C = {
			isa = PBXGroup;
			children = (
				B28B6CEC1A5747A500EF8652 /* Icon-60@3x.png */,
				B262178A1A06EE490074A08C /* Eclipse */,
				B26217A41A06EE490074A08C /* EclipseTests */,
				B26217891A06EE490074A08C /* Products */,
				62000A8090DE1258A024E2A2 /* Pods */,
				25DB7CBFD8FF427A218464FD /* Frameworks */,
			);
			sourceTree = "<group>";
		};
		B26217891A06EE490074A08C /* Products */ = {
			isa = PBXGroup;
			children = (
				B26217881A06EE490074A08C /* Eclipse.app */,
				B26217A11A06EE490074A08C /* EclipseTests.xctest */,
			);
			name = Products;
			sourceTree = "<group>";
		};
		B262178A1A06EE490074A08C /* Eclipse */ = {
			isa = PBXGroup;
			children = (
				B26217951A06EE490074A08C /* Main.storyboard */,
				B262178F1A06EE490074A08C /* AppDelegate.h */,
				B26217901A06EE490074A08C /* AppDelegate.m */,
				B27D8D3B1A350788006BD19D /* Categories */,
				B25A518F1A08A0C200F29D97 /* Helpers */,
				B267C9301A36C8C000E5CD02 /* SlideMenu */,
				B27D8D371A34FB9F006BD19D /* Views */,
				B26217D51A06F2C00074A08C /* ViewControllers */,
				B26217981A06EE490074A08C /* Images.xcassets */,
				B2F34A131A355C2200CB78BF /* LaunchScreen.xib */,
				B28B6CEE1A576CE800EF8652 /* Singletons */,
				B27D8D2D1A34F4ED006BD19D /* Resources */,
				B262178B1A06EE490074A08C /* Supporting Files */,
			);
			path = Eclipse;
			sourceTree = "<group>";
		};
		B262178B1A06EE490074A08C /* Supporting Files */ = {
			isa = PBXGroup;
			children = (
				B26217C51A06EECE0074A08C /* SystemConfiguration.framework */,
				B26217C31A06EEC70074A08C /* StoreKit.framework */,
				B26217C11A06EEC20074A08C /* Security.framework */,
				B26217BF1A06EEBD0074A08C /* QuartzCore.framework */,
				B26217BD1A06EEB80074A08C /* MobileCoreServices.framework */,
				B26217BB1A06EEB10074A08C /* libz.dylib */,
				B26217B91A06EEAB0074A08C /* CoreLocation.framework */,
				B26217B71A06EEA40074A08C /* CoreGraphics.framework */,
				B26217B51A06EE9F0074A08C /* CFNetwork.framework */,
				B26217B31A06EE990074A08C /* AudioToolbox.framework */,
				B2E0C0091A181AB700AE8E12 /* Sounds */,
				B26217CE1A06F0C80074A08C /* TwitterKit.framework */,
				B26217CF1A06F0C80074A08C /* TwitterKitResources.bundle */,
				B26217CA1A06F0840074A08C /* Crashlytics.framework */,
				B26217CB1A06F0840074A08C /* Fabric.framework */,
				B26217C71A06EF610074A08C /* Bolts.framework */,
				B26217B11A06EE7A0074A08C /* Parse.framework */,
				B262178C1A06EE490074A08C /* Info.plist */,
				B262178D1A06EE490074A08C /* main.m */,
			);
			name = "Supporting Files";
			sourceTree = "<group>";
		};
		B26217A41A06EE490074A08C /* EclipseTests */ = {
			isa = PBXGroup;
			children = (
				B26217A71A06EE490074A08C /* EclipseTests.m */,
				B26217A51A06EE490074A08C /* Supporting Files */,
			);
			path = EclipseTests;
			sourceTree = "<group>";
		};
		B26217A51A06EE490074A08C /* Supporting Files */ = {
			isa = PBXGroup;
			children = (
				B26217A61A06EE490074A08C /* Info.plist */,
			);
			name = "Supporting Files";
			sourceTree = "<group>";
		};
		B26217D51A06F2C00074A08C /* ViewControllers */ = {
			isa = PBXGroup;
			children = (
				B26217D61A06F2EB0074A08C /* InitialViewController.h */,
				B26217D71A06F2EB0074A08C /* InitialViewController.m */,
				B26217DC1A070CCE0074A08C /* ChatRoomTableViewController.h */,
				B26217DD1A070CCE0074A08C /* ChatRoomTableViewController.m */,
				B23EE6FE1A073BDB00E5AE9E /* ChatViewController.h */,
				B23EE6FF1A073BDB00E5AE9E /* ChatViewController.m */,
				B2F34A101A354B4200CB78BF /* CreateChatViewController.h */,
				B2F34A111A354B4200CB78BF /* CreateChatViewController.m */,
				B2DABCF31A5D050B00F0C2BC /* SignUp */,
				B2DABCF41A5D052F00F0C2BC /* Profiles */,
			);
			name = ViewControllers;
			sourceTree = "<group>";
		};
		B267C9301A36C8C000E5CD02 /* SlideMenu */ = {
			isa = PBXGroup;
			children = (
				B267C9311A36C8EB00E5CD02 /* MainSlideViewController.h */,
				B267C9321A36C8EB00E5CD02 /* MainSlideViewController.m */,
				B267C9341A36C94400E5CD02 /* LeftMenuViewController.h */,
				B267C9351A36C94400E5CD02 /* LeftMenuViewController.m */,
			);
			name = SlideMenu;
			sourceTree = "<group>";
		};
		B27D8D2D1A34F4ED006BD19D /* Resources */ = {
			isa = PBXGroup;
			children = (
				B27D8D2E1A34F4F6006BD19D /* Fonts */,
				B2384CAA1A3E5A0900D6B572 /* Sounds */,
			);
			name = Resources;
			sourceTree = "<group>";
		};
		B27D8D2E1A34F4F6006BD19D /* Fonts */ = {
			isa = PBXGroup;
			children = (
				B2B549E11A5B9C8A0035C0F9 /* OpenSans-Bold.ttf */,
				B2B549E21A5B9C8A0035C0F9 /* OpenSans-BoldItalic.ttf */,
				B2B549E31A5B9C8A0035C0F9 /* OpenSans-ExtraBold.ttf */,
				B2B549E41A5B9C8A0035C0F9 /* OpenSans-ExtraBoldItalic.ttf */,
				B2B549E51A5B9C8A0035C0F9 /* OpenSans-Italic.ttf */,
				B2B549E61A5B9C8A0035C0F9 /* OpenSans-Light.ttf */,
				B2B549E71A5B9C8A0035C0F9 /* OpenSans-LightItalic.ttf */,
				B2B549E81A5B9C8A0035C0F9 /* OpenSans-Regular.ttf */,
				B2B549E91A5B9C8A0035C0F9 /* OpenSans-Semibold.ttf */,
				B2B549EA1A5B9C8A0035C0F9 /* OpenSans-SemiboldItalic.ttf */,
				B27D8D2F1A34F52E006BD19D /* CakeSans-bold.otf */,
				B27D8D301A34F52E006BD19D /* CakeSans-Light.otf */,
				B27D8D311A34F52E006BD19D /* CakeSans-regular.otf */,
				B27D8D351A34F690006BD19D /* DINEng.ttf */,
			);
			name = Fonts;
			sourceTree = "<group>";
		};
		B27D8D371A34FB9F006BD19D /* Views */ = {
			isa = PBXGroup;
			children = (
				B27D8D381A34FBC7006BD19D /* ChatTableViewCell.h */,
				B27D8D391A34FBC7006BD19D /* ChatTableViewCell.m */,
			);
			name = Views;
			sourceTree = "<group>";
		};
		B27D8D3B1A350788006BD19D /* Categories */ = {
			isa = PBXGroup;
			children = (
				B27D8D3C1A350835006BD19D /* UIColor+Eclipse.h */,
				B27D8D3D1A350835006BD19D /* UIColor+Eclipse.m */,
				B267C92D1A36BC6100E5CD02 /* UIImage+StackBlur.h */,
				B267C92E1A36BC6100E5CD02 /* UIImage+StackBlur.m */,
				B2B549F51A5BC2570035C0F9 /* UIImageEffects.h */,
				B2B549F61A5BC2570035C0F9 /* UIImageEffects.m */,
			);
			name = Categories;
			sourceTree = "<group>";
		};
		B28B6CEE1A576CE800EF8652 /* Singletons */ = {
			isa = PBXGroup;
			children = (
				B28B6CEF1A576D1B00EF8652 /* ShareManager.h */,
				B28B6CF01A576D1B00EF8652 /* ShareManager.m */,
			);
			name = Singletons;
			sourceTree = "<group>";
		};
		B2DABCF31A5D050B00F0C2BC /* SignUp */ = {
			isa = PBXGroup;
			children = (
				B26217D21A06F0FD0074A08C /* AuthViewController.h */,
				B26217D31A06F0FD0074A08C /* AuthViewController.m */,
				B26217D91A06FE830074A08C /* UserNameViewController.h */,
				B26217DA1A06FE830074A08C /* UserNameViewController.m */,
				B2DABCF51A5D06EB00F0C2BC /* BetaCodeViewController.h */,
				B2DABCF61A5D06EB00F0C2BC /* BetaCodeViewController.m */,
			);
			name = SignUp;
			sourceTree = "<group>";
		};
		B2DABCF41A5D052F00F0C2BC /* Profiles */ = {
			isa = PBXGroup;
			children = (
				B282C7551A490183006F1C01 /* MyProfileViewController.h */,
				B282C7561A490183006F1C01 /* MyProfileViewController.m */,
				B27416D01A50779000D31B93 /* OtherProfileViewController.h */,
				B27416D11A50779000D31B93 /* OtherProfileViewController.m */,
			);
			name = Profiles;
			sourceTree = "<group>";
		};
		B2E0C0091A181AB700AE8E12 /* Sounds */ = {
			isa = PBXGroup;
			children = (
				B2E0C00A1A181ACA00AE8E12 /* Bubbly Spaceship.wav */,
			);
			name = Sounds;
			sourceTree = "<group>";
		};
/* End PBXGroup section */

/* Begin PBXNativeTarget section */
		B26217871A06EE490074A08C /* Eclipse */ = {
			isa = PBXNativeTarget;
			buildConfigurationList = B26217AB1A06EE490074A08C /* Build configuration list for PBXNativeTarget "Eclipse" */;
			buildPhases = (
				E3EBFEA537241715932D0E75 /* Check Pods Manifest.lock */,
				B26217841A06EE490074A08C /* Sources */,
				B26217851A06EE490074A08C /* Frameworks */,
				B26217861A06EE490074A08C /* Resources */,
				B26217C91A06F05D0074A08C /* Run Fabric Script */,
				B002E2D264C63FE00AAC2B05 /* Copy Pods Resources */,
			);
			buildRules = (
			);
			dependencies = (
			);
			name = Eclipse;
			productName = Eclipse;
			productReference = B26217881A06EE490074A08C /* Eclipse.app */;
			productType = "com.apple.product-type.application";
		};
		B26217A01A06EE490074A08C /* EclipseTests */ = {
			isa = PBXNativeTarget;
			buildConfigurationList = B26217AE1A06EE490074A08C /* Build configuration list for PBXNativeTarget "EclipseTests" */;
			buildPhases = (
				B262179D1A06EE490074A08C /* Sources */,
				B262179E1A06EE490074A08C /* Frameworks */,
				B262179F1A06EE490074A08C /* Resources */,
			);
			buildRules = (
			);
			dependencies = (
				B26217A31A06EE490074A08C /* PBXTargetDependency */,
			);
			name = EclipseTests;
			productName = EclipseTests;
			productReference = B26217A11A06EE490074A08C /* EclipseTests.xctest */;
			productType = "com.apple.product-type.bundle.unit-test";
		};
/* End PBXNativeTarget section */

/* Begin PBXProject section */
		B26217801A06EE490074A08C /* Project object */ = {
			isa = PBXProject;
			attributes = {
				LastUpgradeCheck = 0610;
				ORGANIZATIONNAME = "Mark Meyer";
				TargetAttributes = {
					B26217871A06EE490074A08C = {
						CreatedOnToolsVersion = 6.1;
						DevelopmentTeam = 8HEK9W23RJ;
					};
					B26217A01A06EE490074A08C = {
						CreatedOnToolsVersion = 6.1;
						TestTargetID = B26217871A06EE490074A08C;
					};
				};
			};
			buildConfigurationList = B26217831A06EE490074A08C /* Build configuration list for PBXProject "Eclipse" */;
			compatibilityVersion = "Xcode 3.2";
			developmentRegion = English;
			hasScannedForEncodings = 0;
			knownRegions = (
				en,
				Base,
			);
			mainGroup = B262177F1A06EE490074A08C;
			productRefGroup = B26217891A06EE490074A08C /* Products */;
			projectDirPath = "";
			projectRoot = "";
			targets = (
				B26217871A06EE490074A08C /* Eclipse */,
				B26217A01A06EE490074A08C /* EclipseTests */,
			);
		};
/* End PBXProject section */

/* Begin PBXResourcesBuildPhase section */
		B26217861A06EE490074A08C /* Resources */ = {
			isa = PBXResourcesBuildPhase;
			buildActionMask = 2147483647;
			files = (
				B28B6CED1A5747A500EF8652 /* Icon-60@3x.png in Resources */,
				B27D8D331A34F52E006BD19D /* CakeSans-Light.otf in Resources */,
				B27D8D361A34F690006BD19D /* DINEng.ttf in Resources */,
				B26217D11A06F0C80074A08C /* TwitterKitResources.bundle in Resources */,
				B26217971A06EE490074A08C /* Main.storyboard in Resources */,
				B2384CAC1A3E5A7500D6B572 /* Synth.wav in Resources */,
				B2B549F01A5B9C8A0035C0F9 /* OpenSans-Light.ttf in Resources */,
				B27D8D341A34F52E006BD19D /* CakeSans-regular.otf in Resources */,
				B2B549EE1A5B9C8A0035C0F9 /* OpenSans-ExtraBoldItalic.ttf in Resources */,
				B2E0C00B1A181ACA00AE8E12 /* Bubbly Spaceship.wav in Resources */,
				B2B549F41A5B9C8A0035C0F9 /* OpenSans-SemiboldItalic.ttf in Resources */,
				B2B549F21A5B9C8A0035C0F9 /* OpenSans-Regular.ttf in Resources */,
				B27D8D321A34F52E006BD19D /* CakeSans-bold.otf in Resources */,
				B2B549F31A5B9C8A0035C0F9 /* OpenSans-Semibold.ttf in Resources */,
				B2384CAE1A3E67D400D6B572 /* Toast.wav in Resources */,
				B2B549EC1A5B9C8A0035C0F9 /* OpenSans-BoldItalic.ttf in Resources */,
				B2B549EB1A5B9C8A0035C0F9 /* OpenSans-Bold.ttf in Resources */,
				B2B549EF1A5B9C8A0035C0F9 /* OpenSans-Italic.ttf in Resources */,
				B2B549F11A5B9C8A0035C0F9 /* OpenSans-LightItalic.ttf in Resources */,
				B2F34A141A355C2200CB78BF /* LaunchScreen.xib in Resources */,
				B26217991A06EE490074A08C /* Images.xcassets in Resources */,
				B2B549ED1A5B9C8A0035C0F9 /* OpenSans-ExtraBold.ttf in Resources */,
			);
			runOnlyForDeploymentPostprocessing = 0;
		};
		B262179F1A06EE490074A08C /* Resources */ = {
			isa = PBXResourcesBuildPhase;
			buildActionMask = 2147483647;
			files = (
			);
			runOnlyForDeploymentPostprocessing = 0;
		};
/* End PBXResourcesBuildPhase section */

/* Begin PBXShellScriptBuildPhase section */
		B002E2D264C63FE00AAC2B05 /* Copy Pods Resources */ = {
			isa = PBXShellScriptBuildPhase;
			buildActionMask = 2147483647;
			files = (
			);
			inputPaths = (
			);
			name = "Copy Pods Resources";
			outputPaths = (
			);
			runOnlyForDeploymentPostprocessing = 0;
			shellPath = /bin/sh;
			shellScript = "\"${SRCROOT}/Pods/Target Support Files/Pods-Eclipse/Pods-Eclipse-resources.sh\"\n";
			showEnvVarsInLog = 0;
		};
		B26217C91A06F05D0074A08C /* Run Fabric Script */ = {
			isa = PBXShellScriptBuildPhase;
			buildActionMask = 2147483647;
			files = (
			);
			inputPaths = (
			);
			name = "Run Fabric Script";
			outputPaths = (
			);
			runOnlyForDeploymentPostprocessing = 0;
			shellPath = /bin/sh;
			shellScript = "./Fabric.framework/run 0ff55a0924d23f6f7e9e290ae229fe0ef9d43d74 dcee04a25ad747d9afb51f110851c2c6579ce6236cee9a54aa4c881d2ad3f09a";
		};
		E3EBFEA537241715932D0E75 /* Check Pods Manifest.lock */ = {
			isa = PBXShellScriptBuildPhase;
			buildActionMask = 2147483647;
			files = (
			);
			inputPaths = (
			);
			name = "Check Pods Manifest.lock";
			outputPaths = (
			);
			runOnlyForDeploymentPostprocessing = 0;
			shellPath = /bin/sh;
			shellScript = "diff \"${PODS_ROOT}/../Podfile.lock\" \"${PODS_ROOT}/Manifest.lock\" > /dev/null\nif [[ $? != 0 ]] ; then\n    cat << EOM\nerror: The sandbox is not in sync with the Podfile.lock. Run 'pod install' or update your CocoaPods installation.\nEOM\n    exit 1\nfi\n";
			showEnvVarsInLog = 0;
		};
/* End PBXShellScriptBuildPhase section */

/* Begin PBXSourcesBuildPhase section */
		B26217841A06EE490074A08C /* Sources */ = {
			isa = PBXSourcesBuildPhase;
			buildActionMask = 2147483647;
			files = (
				B26217D41A06F0FD0074A08C /* AuthViewController.m in Sources */,
				B26217911A06EE490074A08C /* AppDelegate.m in Sources */,
				B27D8D3A1A34FBC7006BD19D /* ChatTableViewCell.m in Sources */,
				B27D8D3E1A350835006BD19D /* UIColor+Eclipse.m in Sources */,
				B267C9361A36C94400E5CD02 /* LeftMenuViewController.m in Sources */,
				B26217DB1A06FE830074A08C /* UserNameViewController.m in Sources */,
				B28B6CF11A576D1B00EF8652 /* ShareManager.m in Sources */,
				B2F34A121A354B4200CB78BF /* CreateChatViewController.m in Sources */,
				B282C7571A490183006F1C01 /* MyProfileViewController.m in Sources */,
				B2DABCF71A5D06EB00F0C2BC /* BetaCodeViewController.m in Sources */,
				B262178E1A06EE490074A08C /* main.m in Sources */,
				B27416D21A50779000D31B93 /* OtherProfileViewController.m in Sources */,
				B25A51921A08A0E300F29D97 /* LocationHelper.m in Sources */,
				B26217DE1A070CCE0074A08C /* ChatRoomTableViewController.m in Sources */,
				B267C9331A36C8EB00E5CD02 /* MainSlideViewController.m in Sources */,
				B2B549F71A5BC2570035C0F9 /* UIImageEffects.m in Sources */,
				B267C92F1A36BC6100E5CD02 /* UIImage+StackBlur.m in Sources */,
				B23EE7001A073BDB00E5AE9E /* ChatViewController.m in Sources */,
				B26217D81A06F2EB0074A08C /* InitialViewController.m in Sources */,
			);
			runOnlyForDeploymentPostprocessing = 0;
		};
		B262179D1A06EE490074A08C /* Sources */ = {
			isa = PBXSourcesBuildPhase;
			buildActionMask = 2147483647;
			files = (
				B26217A81A06EE490074A08C /* EclipseTests.m in Sources */,
			);
			runOnlyForDeploymentPostprocessing = 0;
		};
/* End PBXSourcesBuildPhase section */

/* Begin PBXTargetDependency section */
		B26217A31A06EE490074A08C /* PBXTargetDependency */ = {
			isa = PBXTargetDependency;
			target = B26217871A06EE490074A08C /* Eclipse */;
			targetProxy = B26217A21A06EE490074A08C /* PBXContainerItemProxy */;
		};
/* End PBXTargetDependency section */

/* Begin PBXVariantGroup section */
		B26217951A06EE490074A08C /* Main.storyboard */ = {
			isa = PBXVariantGroup;
			children = (
				B26217961A06EE490074A08C /* Base */,
			);
			name = Main.storyboard;
			sourceTree = "<group>";
		};
/* End PBXVariantGroup section */

/* Begin XCBuildConfiguration section */
		B26217A91A06EE490074A08C /* Debug */ = {
			isa = XCBuildConfiguration;
			buildSettings = {
				ALWAYS_SEARCH_USER_PATHS = NO;
				CLANG_CXX_LANGUAGE_STANDARD = "gnu++0x";
				CLANG_CXX_LIBRARY = "libc++";
				CLANG_ENABLE_MODULES = YES;
				CLANG_ENABLE_OBJC_ARC = YES;
				CLANG_WARN_BOOL_CONVERSION = YES;
				CLANG_WARN_CONSTANT_CONVERSION = YES;
				CLANG_WARN_DIRECT_OBJC_ISA_USAGE = YES_ERROR;
				CLANG_WARN_EMPTY_BODY = YES;
				CLANG_WARN_ENUM_CONVERSION = YES;
				CLANG_WARN_INT_CONVERSION = YES;
				CLANG_WARN_OBJC_ROOT_CLASS = YES_ERROR;
				CLANG_WARN_UNREACHABLE_CODE = YES;
				CLANG_WARN__DUPLICATE_METHOD_MATCH = YES;
				"CODE_SIGN_IDENTITY[sdk=iphoneos*]" = "iPhone Developer";
				COPY_PHASE_STRIP = NO;
				ENABLE_STRICT_OBJC_MSGSEND = YES;
				GCC_C_LANGUAGE_STANDARD = gnu99;
				GCC_DYNAMIC_NO_PIC = NO;
				GCC_OPTIMIZATION_LEVEL = 0;
				GCC_PREPROCESSOR_DEFINITIONS = (
					"DEBUG=1",
					"$(inherited)",
				);
				GCC_SYMBOLS_PRIVATE_EXTERN = NO;
				GCC_WARN_64_TO_32_BIT_CONVERSION = YES;
				GCC_WARN_ABOUT_RETURN_TYPE = YES_ERROR;
				GCC_WARN_UNDECLARED_SELECTOR = YES;
				GCC_WARN_UNINITIALIZED_AUTOS = YES_AGGRESSIVE;
				GCC_WARN_UNUSED_FUNCTION = YES;
				GCC_WARN_UNUSED_VARIABLE = YES;
				IPHONEOS_DEPLOYMENT_TARGET = 8.1;
				MTL_ENABLE_DEBUG_INFO = YES;
				ONLY_ACTIVE_ARCH = YES;
				SDKROOT = iphoneos;
			};
			name = Debug;
		};
		B26217AA1A06EE490074A08C /* Release */ = {
			isa = XCBuildConfiguration;
			buildSettings = {
				ALWAYS_SEARCH_USER_PATHS = NO;
				CLANG_CXX_LANGUAGE_STANDARD = "gnu++0x";
				CLANG_CXX_LIBRARY = "libc++";
				CLANG_ENABLE_MODULES = YES;
				CLANG_ENABLE_OBJC_ARC = YES;
				CLANG_WARN_BOOL_CONVERSION = YES;
				CLANG_WARN_CONSTANT_CONVERSION = YES;
				CLANG_WARN_DIRECT_OBJC_ISA_USAGE = YES_ERROR;
				CLANG_WARN_EMPTY_BODY = YES;
				CLANG_WARN_ENUM_CONVERSION = YES;
				CLANG_WARN_INT_CONVERSION = YES;
				CLANG_WARN_OBJC_ROOT_CLASS = YES_ERROR;
				CLANG_WARN_UNREACHABLE_CODE = YES;
				CLANG_WARN__DUPLICATE_METHOD_MATCH = YES;
				"CODE_SIGN_IDENTITY[sdk=iphoneos*]" = "iPhone Developer";
				COPY_PHASE_STRIP = YES;
				ENABLE_NS_ASSERTIONS = NO;
				ENABLE_STRICT_OBJC_MSGSEND = YES;
				GCC_C_LANGUAGE_STANDARD = gnu99;
				GCC_WARN_64_TO_32_BIT_CONVERSION = YES;
				GCC_WARN_ABOUT_RETURN_TYPE = YES_ERROR;
				GCC_WARN_UNDECLARED_SELECTOR = YES;
				GCC_WARN_UNINITIALIZED_AUTOS = YES_AGGRESSIVE;
				GCC_WARN_UNUSED_FUNCTION = YES;
				GCC_WARN_UNUSED_VARIABLE = YES;
				IPHONEOS_DEPLOYMENT_TARGET = 8.1;
				MTL_ENABLE_DEBUG_INFO = NO;
				SDKROOT = iphoneos;
				VALIDATE_PRODUCT = YES;
			};
			name = Release;
		};
		B26217AC1A06EE490074A08C /* Debug */ = {
			isa = XCBuildConfiguration;
			baseConfigurationReference = 42A691FB1D82DBCEE5F28765 /* Pods-Eclipse.debug.xcconfig */;
			buildSettings = {
				ASSETCATALOG_COMPILER_APPICON_NAME = AppIcon;
				ASSETCATALOG_COMPILER_LAUNCHIMAGE_NAME = "LaunchImage-2";
				CODE_SIGN_IDENTITY = "iPhone Developer";
				"CODE_SIGN_IDENTITY[sdk=iphoneos*]" = "iPhone Developer";
				FRAMEWORK_SEARCH_PATHS = (
					"$(inherited)",
					"$(PROJECT_DIR)/Eclipse",
					"$(PROJECT_DIR)",
				);
				INFOPLIST_FILE = Eclipse/Info.plist;
				IPHONEOS_DEPLOYMENT_TARGET = 7.1;
				LD_RUNPATH_SEARCH_PATHS = "$(inherited) @executable_path/Frameworks";
				PRODUCT_NAME = "$(TARGET_NAME)";
				PROVISIONING_PROFILE = "acd01d36-a514-4304-8303-f5351d8f1dea";
			};
			name = Debug;
		};
		B26217AD1A06EE490074A08C /* Release */ = {
			isa = XCBuildConfiguration;
			baseConfigurationReference = 4EA07F3CA1A2E79779C6B82A /* Pods-Eclipse.release.xcconfig */;
			buildSettings = {
				ASSETCATALOG_COMPILER_APPICON_NAME = AppIcon;
				ASSETCATALOG_COMPILER_LAUNCHIMAGE_NAME = "LaunchImage-2";
				CODE_SIGN_IDENTITY = "iPhone Developer";
				"CODE_SIGN_IDENTITY[sdk=iphoneos*]" = "iPhone Developer";
				FRAMEWORK_SEARCH_PATHS = (
					"$(inherited)",
					"$(PROJECT_DIR)/Eclipse",
					"$(PROJECT_DIR)",
				);
				INFOPLIST_FILE = Eclipse/Info.plist;
				IPHONEOS_DEPLOYMENT_TARGET = 7.1;
				LD_RUNPATH_SEARCH_PATHS = "$(inherited) @executable_path/Frameworks";
				PRODUCT_NAME = "$(TARGET_NAME)";
				PROVISIONING_PROFILE = "acd01d36-a514-4304-8303-f5351d8f1dea";
			};
			name = Release;
		};
		B26217AF1A06EE490074A08C /* Debug */ = {
			isa = XCBuildConfiguration;
			buildSettings = {
				BUNDLE_LOADER = "$(TEST_HOST)";
				FRAMEWORK_SEARCH_PATHS = (
					"$(SDKROOT)/Developer/Library/Frameworks",
					"$(inherited)",
				);
				GCC_PREPROCESSOR_DEFINITIONS = (
					"DEBUG=1",
					"$(inherited)",
				);
				INFOPLIST_FILE = EclipseTests/Info.plist;
				LD_RUNPATH_SEARCH_PATHS = "$(inherited) @executable_path/Frameworks @loader_path/Frameworks";
				PRODUCT_NAME = "$(TARGET_NAME)";
				TEST_HOST = "$(BUILT_PRODUCTS_DIR)/Eclipse.app/Eclipse";
			};
			name = Debug;
		};
		B26217B01A06EE490074A08C /* Release */ = {
			isa = XCBuildConfiguration;
			buildSettings = {
				BUNDLE_LOADER = "$(TEST_HOST)";
				FRAMEWORK_SEARCH_PATHS = (
					"$(SDKROOT)/Developer/Library/Frameworks",
					"$(inherited)",
				);
				INFOPLIST_FILE = EclipseTests/Info.plist;
				LD_RUNPATH_SEARCH_PATHS = "$(inherited) @executable_path/Frameworks @loader_path/Frameworks";
				PRODUCT_NAME = "$(TARGET_NAME)";
				TEST_HOST = "$(BUILT_PRODUCTS_DIR)/Eclipse.app/Eclipse";
			};
			name = Release;
		};
/* End XCBuildConfiguration section */

/* Begin XCConfigurationList section */
		B26217831A06EE490074A08C /* Build configuration list for PBXProject "Eclipse" */ = {
			isa = XCConfigurationList;
			buildConfigurations = (
				B26217A91A06EE490074A08C /* Debug */,
				B26217AA1A06EE490074A08C /* Release */,
			);
			defaultConfigurationIsVisible = 0;
			defaultConfigurationName = Release;
		};
		B26217AB1A06EE490074A08C /* Build configuration list for PBXNativeTarget "Eclipse" */ = {
			isa = XCConfigurationList;
			buildConfigurations = (
				B26217AC1A06EE490074A08C /* Debug */,
				B26217AD1A06EE490074A08C /* Release */,
			);
			defaultConfigurationIsVisible = 0;
			defaultConfigurationName = Release;
		};
		B26217AE1A06EE490074A08C /* Build configuration list for PBXNativeTarget "EclipseTests" */ = {
			isa = XCConfigurationList;
			buildConfigurations = (
				B26217AF1A06EE490074A08C /* Debug */,
				B26217B01A06EE490074A08C /* Release */,
			);
			defaultConfigurationIsVisible = 0;
			defaultConfigurationName = Release;
		};
/* End XCConfigurationList section */
	};
	rootObject = B26217801A06EE490074A08C /* Project object */;
}
