// !$*UTF8*$!
{
	archiveVersion = 1;
	classes = {
	};
	objectVersion = 46;
	objects = {

/* Begin PBXBuildFile section */
		B262178E1A06EE490074A08C /* main.m in Sources */ = {isa = PBXBuildFile; fileRef = B262178D1A06EE490074A08C /* main.m */; };
		B26217911A06EE490074A08C /* AppDelegate.m in Sources */ = {isa = PBXBuildFile; fileRef = B26217901A06EE490074A08C /* AppDelegate.m */; };
		B26217971A06EE490074A08C /* Main.storyboard in Resources */ = {isa = PBXBuildFile; fileRef = B26217951A06EE490074A08C /* Main.storyboard */; };
		B26217991A06EE490074A08C /* Images.xcassets in Resources */ = {isa = PBXBuildFile; fileRef = B26217981A06EE490074A08C /* Images.xcassets */; };
		B262179C1A06EE490074A08C /* LaunchScreen.xib in Resources */ = {isa = PBXBuildFile; fileRef = B262179A1A06EE490074A08C /* LaunchScreen.xib */; };
		B26217A81A06EE490074A08C /* EclipseTests.m in Sources */ = {isa = PBXBuildFile; fileRef = B26217A71A06EE490074A08C /* EclipseTests.m */; };
		B26217B21A06EE7A0074A08C /* Parse.framework in Frameworks */ = {isa = PBXBuildFile; fileRef = B26217B11A06EE7A0074A08C /* Parse.framework */; };
		B26217B41A06EE990074A08C /* AudioToolbox.framework in Frameworks */ = {isa = PBXBuildFile; fileRef = B26217B31A06EE990074A08C /* AudioToolbox.framework */; };
		B26217B61A06EE9F0074A08C /* CFNetwork.framework in Frameworks */ = {isa = PBXBuildFile; fileRef = B26217B51A06EE9F0074A08C /* CFNetwork.framework */; };
		B26217B81A06EEA40074A08C /* CoreGraphics.framework in Frameworks */ = {isa = PBXBuildFile; fileRef = B26217B71A06EEA40074A08C /* CoreGraphics.framework */; };
		B26217BA1A06EEAB0074A08C /* CoreLocation.framework in Frameworks */ = {isa = PBXBuildFile; fileRef = B26217B91A06EEAB0074A08C /* CoreLocation.framework */; };
		B26217BC1A06EEB10074A08C /* libz.dylib in Frameworks */ = {isa = PBXBuildFile; fileRef = B26217BB1A06EEB10074A08C /* libz.dylib */; };
		B26217BE1A06EEB80074A08C /* MobileCoreServices.framework in Frameworks */ = {isa = PBXBuildFile; fileRef = B26217BD1A06EEB80074A08C /* MobileCoreServices.framework */; };
		B26217C01A06EEBD0074A08C /* QuartzCore.framework in Frameworks */ = {isa = PBXBuildFile; fileRef = B26217BF1A06EEBD0074A08C /* QuartzCore.framework */; };
		B26217C21A06EEC20074A08C /* Security.framework in Frameworks */ = {isa = PBXBuildFile; fileRef = B26217C11A06EEC20074A08C /* Security.framework */; };
		B26217C41A06EEC70074A08C /* StoreKit.framework in Frameworks */ = {isa = PBXBuildFile; fileRef = B26217C31A06EEC70074A08C /* StoreKit.framework */; };
		B26217C61A06EECE0074A08C /* SystemConfiguration.framework in Frameworks */ = {isa = PBXBuildFile; fileRef = B26217C51A06EECE0074A08C /* SystemConfiguration.framework */; };
		B26217C81A06EF610074A08C /* Bolts.framework in Frameworks */ = {isa = PBXBuildFile; fileRef = B26217C71A06EF610074A08C /* Bolts.framework */; };
		B26217CC1A06F0840074A08C /* Crashlytics.framework in Frameworks */ = {isa = PBXBuildFile; fileRef = B26217CA1A06F0840074A08C /* Crashlytics.framework */; };
		B26217CD1A06F0840074A08C /* Fabric.framework in Frameworks */ = {isa = PBXBuildFile; fileRef = B26217CB1A06F0840074A08C /* Fabric.framework */; };
		B26217D01A06F0C80074A08C /* TwitterKit.framework in Frameworks */ = {isa = PBXBuildFile; fileRef = B26217CE1A06F0C80074A08C /* TwitterKit.framework */; };
		B26217D11A06F0C80074A08C /* TwitterKitResources.bundle in Resources */ = {isa = PBXBuildFile; fileRef = B26217CF1A06F0C80074A08C /* TwitterKitResources.bundle */; };
		B26217D41A06F0FD0074A08C /* AuthViewController.m in Sources */ = {isa = PBXBuildFile; fileRef = B26217D31A06F0FD0074A08C /* AuthViewController.m */; };
		B26217D81A06F2EB0074A08C /* InitialViewController.m in Sources */ = {isa = PBXBuildFile; fileRef = B26217D71A06F2EB0074A08C /* InitialViewController.m */; };
		B26217DB1A06FE830074A08C /* UserNameViewController.m in Sources */ = {isa = PBXBuildFile; fileRef = B26217DA1A06FE830074A08C /* UserNameViewController.m */; };
		B26217DE1A070CCE0074A08C /* ChatRoomTableViewController.m in Sources */ = {isa = PBXBuildFile; fileRef = B26217DD1A070CCE0074A08C /* ChatRoomTableViewController.m */; };
/* End PBXBuildFile section */

/* Begin PBXContainerItemProxy section */
		B26217A21A06EE490074A08C /* PBXContainerItemProxy */ = {
			isa = PBXContainerItemProxy;
			containerPortal = B26217801A06EE490074A08C /* Project object */;
			proxyType = 1;
			remoteGlobalIDString = B26217871A06EE490074A08C;
			remoteInfo = Eclipse;
		};
/* End PBXContainerItemProxy section */

/* Begin PBXFileReference section */
		B26217881A06EE490074A08C /* Eclipse.app */ = {isa = PBXFileReference; explicitFileType = wrapper.application; includeInIndex = 0; path = Eclipse.app; sourceTree = BUILT_PRODUCTS_DIR; };
		B262178C1A06EE490074A08C /* Info.plist */ = {isa = PBXFileReference; lastKnownFileType = text.plist.xml; path = Info.plist; sourceTree = "<group>"; };
		B262178D1A06EE490074A08C /* main.m */ = {isa = PBXFileReference; lastKnownFileType = sourcecode.c.objc; path = main.m; sourceTree = "<group>"; };
		B262178F1A06EE490074A08C /* AppDelegate.h */ = {isa = PBXFileReference; lastKnownFileType = sourcecode.c.h; path = AppDelegate.h; sourceTree = "<group>"; };
		B26217901A06EE490074A08C /* AppDelegate.m */ = {isa = PBXFileReference; lastKnownFileType = sourcecode.c.objc; path = AppDelegate.m; sourceTree = "<group>"; };
		B26217961A06EE490074A08C /* Base */ = {isa = PBXFileReference; lastKnownFileType = file.storyboard; name = Base; path = Base.lproj/Main.storyboard; sourceTree = "<group>"; };
		B26217981A06EE490074A08C /* Images.xcassets */ = {isa = PBXFileReference; lastKnownFileType = folder.assetcatalog; path = Images.xcassets; sourceTree = "<group>"; };
		B262179B1A06EE490074A08C /* Base */ = {isa = PBXFileReference; lastKnownFileType = file.xib; name = Base; path = Base.lproj/LaunchScreen.xib; sourceTree = "<group>"; };
		B26217A11A06EE490074A08C /* EclipseTests.xctest */ = {isa = PBXFileReference; explicitFileType = wrapper.cfbundle; includeInIndex = 0; path = EclipseTests.xctest; sourceTree = BUILT_PRODUCTS_DIR; };
		B26217A61A06EE490074A08C /* Info.plist */ = {isa = PBXFileReference; lastKnownFileType = text.plist.xml; path = Info.plist; sourceTree = "<group>"; };
		B26217A71A06EE490074A08C /* EclipseTests.m */ = {isa = PBXFileReference; lastKnownFileType = sourcecode.c.objc; path = EclipseTests.m; sourceTree = "<group>"; };
		B26217B11A06EE7A0074A08C /* Parse.framework */ = {isa = PBXFileReference; lastKnownFileType = wrapper.framework; path = Parse.framework; sourceTree = "<group>"; };
		B26217B31A06EE990074A08C /* AudioToolbox.framework */ = {isa = PBXFileReference; lastKnownFileType = wrapper.framework; name = AudioToolbox.framework; path = System/Library/Frameworks/AudioToolbox.framework; sourceTree = SDKROOT; };
		B26217B51A06EE9F0074A08C /* CFNetwork.framework */ = {isa = PBXFileReference; lastKnownFileType = wrapper.framework; name = CFNetwork.framework; path = System/Library/Frameworks/CFNetwork.framework; sourceTree = SDKROOT; };
		B26217B71A06EEA40074A08C /* CoreGraphics.framework */ = {isa = PBXFileReference; lastKnownFileType = wrapper.framework; name = CoreGraphics.framework; path = System/Library/Frameworks/CoreGraphics.framework; sourceTree = SDKROOT; };
		B26217B91A06EEAB0074A08C /* CoreLocation.framework */ = {isa = PBXFileReference; lastKnownFileType = wrapper.framework; name = CoreLocation.framework; path = System/Library/Frameworks/CoreLocation.framework; sourceTree = SDKROOT; };
		B26217BB1A06EEB10074A08C /* libz.dylib */ = {isa = PBXFileReference; lastKnownFileType = "compiled.mach-o.dylib"; name = libz.dylib; path = usr/lib/libz.dylib; sourceTree = SDKROOT; };
		B26217BD1A06EEB80074A08C /* MobileCoreServices.framework */ = {isa = PBXFileReference; lastKnownFileType = wrapper.framework; name = MobileCoreServices.framework; path = System/Library/Frameworks/MobileCoreServices.framework; sourceTree = SDKROOT; };
		B26217BF1A06EEBD0074A08C /* QuartzCore.framework */ = {isa = PBXFileReference; lastKnownFileType = wrapper.framework; name = QuartzCore.framework; path = System/Library/Frameworks/QuartzCore.framework; sourceTree = SDKROOT; };
		B26217C11A06EEC20074A08C /* Security.framework */ = {isa = PBXFileReference; lastKnownFileType = wrapper.framework; name = Security.framework; path = System/Library/Frameworks/Security.framework; sourceTree = SDKROOT; };
		B26217C31A06EEC70074A08C /* StoreKit.framework */ = {isa = PBXFileReference; lastKnownFileType = wrapper.framework; name = StoreKit.framework; path = System/Library/Frameworks/StoreKit.framework; sourceTree = SDKROOT; };
		B26217C51A06EECE0074A08C /* SystemConfiguration.framework */ = {isa = PBXFileReference; lastKnownFileType = wrapper.framework; name = SystemConfiguration.framework; path = System/Library/Frameworks/SystemConfiguration.framework; sourceTree = SDKROOT; };
		B26217C71A06EF610074A08C /* Bolts.framework */ = {isa = PBXFileReference; lastKnownFileType = wrapper.framework; path = Bolts.framework; sourceTree = "<group>"; };
		B26217CA1A06F0840074A08C /* Crashlytics.framework */ = {isa = PBXFileReference; lastKnownFileType = wrapper.framework; path = Crashlytics.framework; sourceTree = SOURCE_ROOT; };
		B26217CB1A06F0840074A08C /* Fabric.framework */ = {isa = PBXFileReference; lastKnownFileType = wrapper.framework; path = Fabric.framework; sourceTree = SOURCE_ROOT; };
		B26217CE1A06F0C80074A08C /* TwitterKit.framework */ = {isa = PBXFileReference; lastKnownFileType = wrapper.framework; path = TwitterKit.framework; sourceTree = SOURCE_ROOT; };
		B26217CF1A06F0C80074A08C /* TwitterKitResources.bundle */ = {isa = PBXFileReference; lastKnownFileType = "wrapper.plug-in"; name = TwitterKitResources.bundle; path = TwitterKit.framework/Versions/A/Resources/TwitterKitResources.bundle; sourceTree = SOURCE_ROOT; };
		B26217D21A06F0FD0074A08C /* AuthViewController.h */ = {isa = PBXFileReference; fileEncoding = 4; lastKnownFileType = sourcecode.c.h; path = AuthViewController.h; sourceTree = "<group>"; };
		B26217D31A06F0FD0074A08C /* AuthViewController.m */ = {isa = PBXFileReference; fileEncoding = 4; lastKnownFileType = sourcecode.c.objc; path = AuthViewController.m; sourceTree = "<group>"; };
		B26217D61A06F2EB0074A08C /* InitialViewController.h */ = {isa = PBXFileReference; fileEncoding = 4; lastKnownFileType = sourcecode.c.h; path = InitialViewController.h; sourceTree = "<group>"; };
		B26217D71A06F2EB0074A08C /* InitialViewController.m */ = {isa = PBXFileReference; fileEncoding = 4; lastKnownFileType = sourcecode.c.objc; path = InitialViewController.m; sourceTree = "<group>"; };
		B26217D91A06FE830074A08C /* UserNameViewController.h */ = {isa = PBXFileReference; fileEncoding = 4; lastKnownFileType = sourcecode.c.h; path = UserNameViewController.h; sourceTree = "<group>"; };
		B26217DA1A06FE830074A08C /* UserNameViewController.m */ = {isa = PBXFileReference; fileEncoding = 4; lastKnownFileType = sourcecode.c.objc; path = UserNameViewController.m; sourceTree = "<group>"; };
		B26217DC1A070CCE0074A08C /* ChatRoomTableViewController.h */ = {isa = PBXFileReference; fileEncoding = 4; lastKnownFileType = sourcecode.c.h; path = ChatRoomTableViewController.h; sourceTree = "<group>"; };
		B26217DD1A070CCE0074A08C /* ChatRoomTableViewController.m */ = {isa = PBXFileReference; fileEncoding = 4; lastKnownFileType = sourcecode.c.objc; path = ChatRoomTableViewController.m; sourceTree = "<group>"; };
/* End PBXFileReference section */

/* Begin PBXFrameworksBuildPhase section */
		B26217851A06EE490074A08C /* Frameworks */ = {
			isa = PBXFrameworksBuildPhase;
			buildActionMask = 2147483647;
			files = (
				B26217C61A06EECE0074A08C /* SystemConfiguration.framework in Frameworks */,
				B26217C41A06EEC70074A08C /* StoreKit.framework in Frameworks */,
				B26217CC1A06F0840074A08C /* Crashlytics.framework in Frameworks */,
				B26217C21A06EEC20074A08C /* Security.framework in Frameworks */,
				B26217C81A06EF610074A08C /* Bolts.framework in Frameworks */,
				B26217C01A06EEBD0074A08C /* QuartzCore.framework in Frameworks */,
				B26217BE1A06EEB80074A08C /* MobileCoreServices.framework in Frameworks */,
				B26217CD1A06F0840074A08C /* Fabric.framework in Frameworks */,
				B26217BC1A06EEB10074A08C /* libz.dylib in Frameworks */,
				B26217BA1A06EEAB0074A08C /* CoreLocation.framework in Frameworks */,
				B26217B81A06EEA40074A08C /* CoreGraphics.framework in Frameworks */,
				B26217D01A06F0C80074A08C /* TwitterKit.framework in Frameworks */,
				B26217B61A06EE9F0074A08C /* CFNetwork.framework in Frameworks */,
				B26217B41A06EE990074A08C /* AudioToolbox.framework in Frameworks */,
				B26217B21A06EE7A0074A08C /* Parse.framework in Frameworks */,
			);
			runOnlyForDeploymentPostprocessing = 0;
		};
		B262179E1A06EE490074A08C /* Frameworks */ = {
			isa = PBXFrameworksBuildPhase;
			buildActionMask = 2147483647;
			files = (
			);
			runOnlyForDeploymentPostprocessing = 0;
		};
/* End PBXFrameworksBuildPhase section */

/* Begin PBXGroup section */
		B262177F1A06EE490074A08C = {
			isa = PBXGroup;
			children = (
				B26217C51A06EECE0074A08C /* SystemConfiguration.framework */,
				B26217C31A06EEC70074A08C /* StoreKit.framework */,
				B26217C11A06EEC20074A08C /* Security.framework */,
				B26217BF1A06EEBD0074A08C /* QuartzCore.framework */,
				B26217BD1A06EEB80074A08C /* MobileCoreServices.framework */,
				B26217BB1A06EEB10074A08C /* libz.dylib */,
				B26217B91A06EEAB0074A08C /* CoreLocation.framework */,
				B26217B71A06EEA40074A08C /* CoreGraphics.framework */,
				B26217B51A06EE9F0074A08C /* CFNetwork.framework */,
				B26217B31A06EE990074A08C /* AudioToolbox.framework */,
				B262178A1A06EE490074A08C /* Eclipse */,
				B26217A41A06EE490074A08C /* EclipseTests */,
				B26217891A06EE490074A08C /* Products */,
			);
			sourceTree = "<group>";
		};
		B26217891A06EE490074A08C /* Products */ = {
			isa = PBXGroup;
			children = (
				B26217881A06EE490074A08C /* Eclipse.app */,
				B26217A11A06EE490074A08C /* EclipseTests.xctest */,
			);
			name = Products;
			sourceTree = "<group>";
		};
		B262178A1A06EE490074A08C /* Eclipse */ = {
			isa = PBXGroup;
			children = (
				B26217951A06EE490074A08C /* Main.storyboard */,
				B262178F1A06EE490074A08C /* AppDelegate.h */,
				B26217901A06EE490074A08C /* AppDelegate.m */,
				B26217D51A06F2C00074A08C /* ViewControllers */,
				B26217981A06EE490074A08C /* Images.xcassets */,
				B262179A1A06EE490074A08C /* LaunchScreen.xib */,
				B262178B1A06EE490074A08C /* Supporting Files */,
			);
			path = Eclipse;
			sourceTree = "<group>";
		};
		B262178B1A06EE490074A08C /* Supporting Files */ = {
			isa = PBXGroup;
			children = (
				B26217CE1A06F0C80074A08C /* TwitterKit.framework */,
				B26217CF1A06F0C80074A08C /* TwitterKitResources.bundle */,
				B26217CA1A06F0840074A08C /* Crashlytics.framework */,
				B26217CB1A06F0840074A08C /* Fabric.framework */,
				B26217C71A06EF610074A08C /* Bolts.framework */,
				B26217B11A06EE7A0074A08C /* Parse.framework */,
				B262178C1A06EE490074A08C /* Info.plist */,
				B262178D1A06EE490074A08C /* main.m */,
			);
			name = "Supporting Files";
			sourceTree = "<group>";
		};
		B26217A41A06EE490074A08C /* EclipseTests */ = {
			isa = PBXGroup;
			children = (
				B26217A71A06EE490074A08C /* EclipseTests.m */,
				B26217A51A06EE490074A08C /* Supporting Files */,
			);
			path = EclipseTests;
			sourceTree = "<group>";
		};
		B26217A51A06EE490074A08C /* Supporting Files */ = {
			isa = PBXGroup;
			children = (
				B26217A61A06EE490074A08C /* Info.plist */,
			);
			name = "Supporting Files";
			sourceTree = "<group>";
		};
		B26217D51A06F2C00074A08C /* ViewControllers */ = {
			isa = PBXGroup;
			children = (
				B26217D21A06F0FD0074A08C /* AuthViewController.h */,
				B26217D31A06F0FD0074A08C /* AuthViewController.m */,
				B26217D61A06F2EB0074A08C /* InitialViewController.h */,
				B26217D71A06F2EB0074A08C /* InitialViewController.m */,
				B26217D91A06FE830074A08C /* UserNameViewController.h */,
				B26217DA1A06FE830074A08C /* UserNameViewController.m */,
				B26217DC1A070CCE0074A08C /* ChatRoomTableViewController.h */,
				B26217DD1A070CCE0074A08C /* ChatRoomTableViewController.m */,
			);
			name = ViewControllers;
			sourceTree = "<group>";
		};
/* End PBXGroup section */

/* Begin PBXNativeTarget section */
		B26217871A06EE490074A08C /* Eclipse */ = {
			isa = PBXNativeTarget;
			buildConfigurationList = B26217AB1A06EE490074A08C /* Build configuration list for PBXNativeTarget "Eclipse" */;
			buildPhases = (
				B26217841A06EE490074A08C /* Sources */,
				B26217851A06EE490074A08C /* Frameworks */,
				B26217861A06EE490074A08C /* Resources */,
				B26217C91A06F05D0074A08C /* Run Fabric Script */,
			);
			buildRules = (
			);
			dependencies = (
			);
			name = Eclipse;
			productName = Eclipse;
			productReference = B26217881A06EE490074A08C /* Eclipse.app */;
			productType = "com.apple.product-type.application";
		};
		B26217A01A06EE490074A08C /* EclipseTests */ = {
			isa = PBXNativeTarget;
			buildConfigurationList = B26217AE1A06EE490074A08C /* Build configuration list for PBXNativeTarget "EclipseTests" */;
			buildPhases = (
				B262179D1A06EE490074A08C /* Sources */,
				B262179E1A06EE490074A08C /* Frameworks */,
				B262179F1A06EE490074A08C /* Resources */,
			);
			buildRules = (
			);
			dependencies = (
				B26217A31A06EE490074A08C /* PBXTargetDependency */,
			);
			name = EclipseTests;
			productName = EclipseTests;
			productReference = B26217A11A06EE490074A08C /* EclipseTests.xctest */;
			productType = "com.apple.product-type.bundle.unit-test";
		};
/* End PBXNativeTarget section */

/* Begin PBXProject section */
		B26217801A06EE490074A08C /* Project object */ = {
			isa = PBXProject;
			attributes = {
				LastUpgradeCheck = 0610;
				ORGANIZATIONNAME = "Mark Meyer";
				TargetAttributes = {
					B26217871A06EE490074A08C = {
						CreatedOnToolsVersion = 6.1;
					};
					B26217A01A06EE490074A08C = {
						CreatedOnToolsVersion = 6.1;
						TestTargetID = B26217871A06EE490074A08C;
					};
				};
			};
			buildConfigurationList = B26217831A06EE490074A08C /* Build configuration list for PBXProject "Eclipse" */;
			compatibilityVersion = "Xcode 3.2";
			developmentRegion = English;
			hasScannedForEncodings = 0;
			knownRegions = (
				en,
				Base,
			);
			mainGroup = B262177F1A06EE490074A08C;
			productRefGroup = B26217891A06EE490074A08C /* Products */;
			projectDirPath = "";
			projectRoot = "";
			targets = (
				B26217871A06EE490074A08C /* Eclipse */,
				B26217A01A06EE490074A08C /* EclipseTests */,
			);
		};
/* End PBXProject section */

/* Begin PBXResourcesBuildPhase section */
		B26217861A06EE490074A08C /* Resources */ = {
			isa = PBXResourcesBuildPhase;
			buildActionMask = 2147483647;
			files = (
				B26217D11A06F0C80074A08C /* TwitterKitResources.bundle in Resources */,
				B26217971A06EE490074A08C /* Main.storyboard in Resources */,
				B262179C1A06EE490074A08C /* LaunchScreen.xib in Resources */,
				B26217991A06EE490074A08C /* Images.xcassets in Resources */,
			);
			runOnlyForDeploymentPostprocessing = 0;
		};
		B262179F1A06EE490074A08C /* Resources */ = {
			isa = PBXResourcesBuildPhase;
			buildActionMask = 2147483647;
			files = (
			);
			runOnlyForDeploymentPostprocessing = 0;
		};
/* End PBXResourcesBuildPhase section */

/* Begin PBXShellScriptBuildPhase section */
		B26217C91A06F05D0074A08C /* Run Fabric Script */ = {
			isa = PBXShellScriptBuildPhase;
			buildActionMask = 2147483647;
			files = (
			);
			inputPaths = (
			);
			name = "Run Fabric Script";
			outputPaths = (
			);
			runOnlyForDeploymentPostprocessing = 0;
			shellPath = /bin/sh;
			shellScript = "./Fabric.framework/run 0ff55a0924d23f6f7e9e290ae229fe0ef9d43d74 dcee04a25ad747d9afb51f110851c2c6579ce6236cee9a54aa4c881d2ad3f09a";
		};
/* End PBXShellScriptBuildPhase section */

/* Begin PBXSourcesBuildPhase section */
		B26217841A06EE490074A08C /* Sources */ = {
			isa = PBXSourcesBuildPhase;
			buildActionMask = 2147483647;
			files = (
				B26217D41A06F0FD0074A08C /* AuthViewController.m in Sources */,
				B26217911A06EE490074A08C /* AppDelegate.m in Sources */,
				B26217DB1A06FE830074A08C /* UserNameViewController.m in Sources */,
				B262178E1A06EE490074A08C /* main.m in Sources */,
				B26217DE1A070CCE0074A08C /* ChatRoomTableViewController.m in Sources */,
				B26217D81A06F2EB0074A08C /* InitialViewController.m in Sources */,
			);
			runOnlyForDeploymentPostprocessing = 0;
		};
		B262179D1A06EE490074A08C /* Sources */ = {
			isa = PBXSourcesBuildPhase;
			buildActionMask = 2147483647;
			files = (
				B26217A81A06EE490074A08C /* EclipseTests.m in Sources */,
			);
			runOnlyForDeploymentPostprocessing = 0;
		};
/* End PBXSourcesBuildPhase section */

/* Begin PBXTargetDependency section */
		B26217A31A06EE490074A08C /* PBXTargetDependency */ = {
			isa = PBXTargetDependency;
			target = B26217871A06EE490074A08C /* Eclipse */;
			targetProxy = B26217A21A06EE490074A08C /* PBXContainerItemProxy */;
		};
/* End PBXTargetDependency section */

/* Begin PBXVariantGroup section */
		B26217951A06EE490074A08C /* Main.storyboard */ = {
			isa = PBXVariantGroup;
			children = (
				B26217961A06EE490074A08C /* Base */,
			);
			name = Main.storyboard;
			sourceTree = "<group>";
		};
		B262179A1A06EE490074A08C /* LaunchScreen.xib */ = {
			isa = PBXVariantGroup;
			children = (
				B262179B1A06EE490074A08C /* Base */,
			);
			name = LaunchScreen.xib;
			sourceTree = "<group>";
		};
/* End PBXVariantGroup section */

/* Begin XCBuildConfiguration section */
		B26217A91A06EE490074A08C /* Debug */ = {
			isa = XCBuildConfiguration;
			buildSettings = {
				ALWAYS_SEARCH_USER_PATHS = NO;
				CLANG_CXX_LANGUAGE_STANDARD = "gnu++0x";
				CLANG_CXX_LIBRARY = "libc++";
				CLANG_ENABLE_MODULES = YES;
				CLANG_ENABLE_OBJC_ARC = YES;
				CLANG_WARN_BOOL_CONVERSION = YES;
				CLANG_WARN_CONSTANT_CONVERSION = YES;
				CLANG_WARN_DIRECT_OBJC_ISA_USAGE = YES_ERROR;
				CLANG_WARN_EMPTY_BODY = YES;
				CLANG_WARN_ENUM_CONVERSION = YES;
				CLANG_WARN_INT_CONVERSION = YES;
				CLANG_WARN_OBJC_ROOT_CLASS = YES_ERROR;
				CLANG_WARN_UNREACHABLE_CODE = YES;
				CLANG_WARN__DUPLICATE_METHOD_MATCH = YES;
				"CODE_SIGN_IDENTITY[sdk=iphoneos*]" = "iPhone Developer";
				COPY_PHASE_STRIP = NO;
				ENABLE_STRICT_OBJC_MSGSEND = YES;
				GCC_C_LANGUAGE_STANDARD = gnu99;
				GCC_DYNAMIC_NO_PIC = NO;
				GCC_OPTIMIZATION_LEVEL = 0;
				GCC_PREPROCESSOR_DEFINITIONS = (
					"DEBUG=1",
					"$(inherited)",
				);
				GCC_SYMBOLS_PRIVATE_EXTERN = NO;
				GCC_WARN_64_TO_32_BIT_CONVERSION = YES;
				GCC_WARN_ABOUT_RETURN_TYPE = YES_ERROR;
				GCC_WARN_UNDECLARED_SELECTOR = YES;
				GCC_WARN_UNINITIALIZED_AUTOS = YES_AGGRESSIVE;
				GCC_WARN_UNUSED_FUNCTION = YES;
				GCC_WARN_UNUSED_VARIABLE = YES;
				IPHONEOS_DEPLOYMENT_TARGET = 8.1;
				MTL_ENABLE_DEBUG_INFO = YES;
				ONLY_ACTIVE_ARCH = YES;
				SDKROOT = iphoneos;
			};
			name = Debug;
		};
		B26217AA1A06EE490074A08C /* Release */ = {
			isa = XCBuildConfiguration;
			buildSettings = {
				ALWAYS_SEARCH_USER_PATHS = NO;
				CLANG_CXX_LANGUAGE_STANDARD = "gnu++0x";
				CLANG_CXX_LIBRARY = "libc++";
				CLANG_ENABLE_MODULES = YES;
				CLANG_ENABLE_OBJC_ARC = YES;
				CLANG_WARN_BOOL_CONVERSION = YES;
				CLANG_WARN_CONSTANT_CONVERSION = YES;
				CLANG_WARN_DIRECT_OBJC_ISA_USAGE = YES_ERROR;
				CLANG_WARN_EMPTY_BODY = YES;
				CLANG_WARN_ENUM_CONVERSION = YES;
				CLANG_WARN_INT_CONVERSION = YES;
				CLANG_WARN_OBJC_ROOT_CLASS = YES_ERROR;
				CLANG_WARN_UNREACHABLE_CODE = YES;
				CLANG_WARN__DUPLICATE_METHOD_MATCH = YES;
				"CODE_SIGN_IDENTITY[sdk=iphoneos*]" = "iPhone Developer";
				COPY_PHASE_STRIP = YES;
				ENABLE_NS_ASSERTIONS = NO;
				ENABLE_STRICT_OBJC_MSGSEND = YES;
				GCC_C_LANGUAGE_STANDARD = gnu99;
				GCC_WARN_64_TO_32_BIT_CONVERSION = YES;
				GCC_WARN_ABOUT_RETURN_TYPE = YES_ERROR;
				GCC_WARN_UNDECLARED_SELECTOR = YES;
				GCC_WARN_UNINITIALIZED_AUTOS = YES_AGGRESSIVE;
				GCC_WARN_UNUSED_FUNCTION = YES;
				GCC_WARN_UNUSED_VARIABLE = YES;
				IPHONEOS_DEPLOYMENT_TARGET = 8.1;
				MTL_ENABLE_DEBUG_INFO = NO;
				SDKROOT = iphoneos;
				VALIDATE_PRODUCT = YES;
			};
			name = Release;
		};
		B26217AC1A06EE490074A08C /* Debug */ = {
			isa = XCBuildConfiguration;
			buildSettings = {
				ASSETCATALOG_COMPILER_APPICON_NAME = AppIcon;
				FRAMEWORK_SEARCH_PATHS = (
					"$(inherited)",
					"$(PROJECT_DIR)/Eclipse",
					"$(PROJECT_DIR)",
				);
				INFOPLIST_FILE = Eclipse/Info.plist;
				LD_RUNPATH_SEARCH_PATHS = "$(inherited) @executable_path/Frameworks";
				PRODUCT_NAME = "$(TARGET_NAME)";
			};
			name = Debug;
		};
		B26217AD1A06EE490074A08C /* Release */ = {
			isa = XCBuildConfiguration;
			buildSettings = {
				ASSETCATALOG_COMPILER_APPICON_NAME = AppIcon;
				FRAMEWORK_SEARCH_PATHS = (
					"$(inherited)",
					"$(PROJECT_DIR)/Eclipse",
					"$(PROJECT_DIR)",
				);
				INFOPLIST_FILE = Eclipse/Info.plist;
				LD_RUNPATH_SEARCH_PATHS = "$(inherited) @executable_path/Frameworks";
				PRODUCT_NAME = "$(TARGET_NAME)";
			};
			name = Release;
		};
		B26217AF1A06EE490074A08C /* Debug */ = {
			isa = XCBuildConfiguration;
			buildSettings = {
				BUNDLE_LOADER = "$(TEST_HOST)";
				FRAMEWORK_SEARCH_PATHS = (
					"$(SDKROOT)/Developer/Library/Frameworks",
					"$(inherited)",
				);
				GCC_PREPROCESSOR_DEFINITIONS = (
					"DEBUG=1",
					"$(inherited)",
				);
				INFOPLIST_FILE = EclipseTests/Info.plist;
				LD_RUNPATH_SEARCH_PATHS = "$(inherited) @executable_path/Frameworks @loader_path/Frameworks";
				PRODUCT_NAME = "$(TARGET_NAME)";
				TEST_HOST = "$(BUILT_PRODUCTS_DIR)/Eclipse.app/Eclipse";
			};
			name = Debug;
		};
		B26217B01A06EE490074A08C /* Release */ = {
			isa = XCBuildConfiguration;
			buildSettings = {
				BUNDLE_LOADER = "$(TEST_HOST)";
				FRAMEWORK_SEARCH_PATHS = (
					"$(SDKROOT)/Developer/Library/Frameworks",
					"$(inherited)",
				);
				INFOPLIST_FILE = EclipseTests/Info.plist;
				LD_RUNPATH_SEARCH_PATHS = "$(inherited) @executable_path/Frameworks @loader_path/Frameworks";
				PRODUCT_NAME = "$(TARGET_NAME)";
				TEST_HOST = "$(BUILT_PRODUCTS_DIR)/Eclipse.app/Eclipse";
			};
			name = Release;
		};
/* End XCBuildConfiguration section */

/* Begin XCConfigurationList section */
		B26217831A06EE490074A08C /* Build configuration list for PBXProject "Eclipse" */ = {
			isa = XCConfigurationList;
			buildConfigurations = (
				B26217A91A06EE490074A08C /* Debug */,
				B26217AA1A06EE490074A08C /* Release */,
			);
			defaultConfigurationIsVisible = 0;
			defaultConfigurationName = Release;
		};
		B26217AB1A06EE490074A08C /* Build configuration list for PBXNativeTarget "Eclipse" */ = {
			isa = XCConfigurationList;
			buildConfigurations = (
				B26217AC1A06EE490074A08C /* Debug */,
				B26217AD1A06EE490074A08C /* Release */,
			);
			defaultConfigurationIsVisible = 0;
		};
		B26217AE1A06EE490074A08C /* Build configuration list for PBXNativeTarget "EclipseTests" */ = {
			isa = XCConfigurationList;
			buildConfigurations = (
				B26217AF1A06EE490074A08C /* Debug */,
				B26217B01A06EE490074A08C /* Release */,
			);
			defaultConfigurationIsVisible = 0;
		};
/* End XCConfigurationList section */
	};
	rootObject = B26217801A06EE490074A08C /* Project object */;
}
